dependencies:
- name: pms-lib
  repository: file://charts/lib
  version: 0.1.0
- name: admin
  repository: file://charts/admin
  version: 0.1.0
- name: client
  repository: file://charts/client
  version: 0.1.0
digest: sha256:3e7df6f0b29226b0e66f4df5c399492357f9b591feef9fe57561546c21cad65e
generated: "2026-01-01T11:13:19.651859867+09:00"
